
Microsoft Visual Studio Solution File, Format Version 12.00
# Visual Studio Version 17
VisualStudioVersion = 17.5.002.0
MinimumVisualStudioVersion = 10.0.40219.1
Project("{9A19103F-16F7-4668-BE54-9A1E7A4F7556}") = "preppy", "preppy.csproj", "{603AFBB2-589A-4E60-A356-572D3C7B195E}"
EndProject
Global
	GlobalSection(SolutionConfigurationPlatforms) = preSolution
		Debug|Any CPU = Debug|Any CPU
		Release|Any CPU = Release|Any CPU
	EndGlobalSection
	GlobalSection(ProjectConfigurationPlatforms) = postSolution
		{603AFBB2-589A-4E60-A356-572D3C7B195E}.Debug|Any CPU.ActiveCfg = Debug|Any CPU
		{603AFBB2-589A-4E60-A356-572D3C7B195E}.Debug|Any CPU.Build.0 = Debug|Any CPU
		{603AFBB2-589A-4E60-A356-572D3C7B195E}.Release|Any CPU.ActiveCfg = Release|Any CPU
		{603AFBB2-589A-4E60-A356-572D3C7B195E}.Release|Any CPU.Build.0 = Release|Any CPU
	EndGlobalSection
	GlobalSection(SolutionProperties) = preSolution
		HideSolutionNode = FALSE
	EndGlobalSection
	GlobalSection(ExtensibilityGlobals) = postSolution
		SolutionGuid = {B7DEA0E4-7B03-4352-B081-BBAE66D3EB98}
	EndGlobalSection
EndGlobal
